
Microsoft Visual Studio Solution File, Format Version 12.00
# Visual Studio Version 17
VisualStudioVersion = 17.2.32526.322
MinimumVisualStudioVersion = 10.0.40219.1
Project("{9A19103F-16F7-4668-BE54-9A1E7A4F7556}") = "PogoVersionMonitor", "src\PogoVersionMonitor.csproj", "{3F7FB8D9-C384-44E8-BD5C-68ABB475F6D8}"
EndProject
Global
	GlobalSection(SolutionConfigurationPlatforms) = preSolution
		Debug|Any CPU = Debug|Any CPU
		Release|Any CPU = Release|Any CPU
	EndGlobalSection
	GlobalSection(ProjectConfigurationPlatforms) = postSolution
		{3F7FB8D9-C384-44E8-BD5C-68ABB475F6D8}.Debug|Any CPU.ActiveCfg = Debug|Any CPU
		{3F7FB8D9-C384-44E8-BD5C-68ABB475F6D8}.Debug|Any CPU.Build.0 = Debug|Any CPU
		{3F7FB8D9-C384-44E8-BD5C-68ABB475F6D8}.Release|Any CPU.ActiveCfg = Release|Any CPU
		{3F7FB8D9-C384-44E8-BD5C-68ABB475F6D8}.Release|Any CPU.Build.0 = Release|Any CPU
	EndGlobalSection
	GlobalSection(SolutionProperties) = preSolution
		HideSolutionNode = FALSE
	EndGlobalSection
	GlobalSection(ExtensibilityGlobals) = postSolution
		SolutionGuid = {0A36E841-EF92-4752-81B6-E954D2CCAD62}
	EndGlobalSection
EndGlobal
